# This file was autogenerated by Stack.
# You should not edit this file by hand.
# For more information, please see the documentation at:
#   https://docs.haskellstack.org/en/stable/lock_files

packages:
- completed:
    cabal-file:
      size: 2859
      sha256: a4ac46ace6e4d6db45382c092a61d39612d835fe0e6acb8316508b44d05c0b3d
    name: vanillalog
    version: 0.1.0.0
    git: https://github.com/madgen/vanillalog.git
    pantry-tree:
      size: 1962
      sha256: ad5f8206c094e052195d83d9b593ae8e025d9cccd7a3d0f69c29d8c5abc65141
    commit: 23983c0640b4127aa170603db3e9fbcc8fdf99e4
  original:
    git: https://github.com/madgen/vanillalog.git
    commit: 23983c0640b4127aa170603db3e9fbcc8fdf99e4
- completed:
    cabal-file:
      size: 3992
      sha256: b106431ca402e655b43fa0bc1ab90684c6916ef2c2775b83d9906dc27f0ef956
    name: exalog-engine
    version: 0.1.0.0
    git: https://github.com/madgen/exalog.git
    pantry-tree:
      size: 3742
      sha256: 3fdb5ad558fd62c47ae688cc5c6b0598d0818ff4a94d96682682e81d15ccb243
    commit: 19720d39795bc6b107e97cc007be54a1ddb727f6
  original:
    git: https://github.com/madgen/exalog.git
    commit: 19720d39795bc6b107e97cc007be54a1ddb727f6
- completed:
    hackage: composition-prelude-2.0.5.0@sha256:2e18aa0baa6ba527b086261f077a10c2786594879f6c0cbcb50464b9d69b1521,1149
    pantry-tree:
      size: 284
      sha256: c05343a0bfe62dd3e14ebf89e440cf5bc9148957f2596efcaf0c9553f235befc
  original:
    hackage: composition-prelude-2.0.5.0@sha256:2e18aa0baa6ba527b086261f077a10c2786594879f6c0cbcb50464b9d69b1521
- completed:
    hackage: recursion-schemes-ext-1.0.0.4@sha256:1078a8d896f3ae79141218fb9384858f454a1f74c5ff6d2fff8dba6e6be28300,2177
    pantry-tree:
      size: 512
      sha256: 157e288d1fcb7626d3e3985e72819083eee464af1185d3a9f7595d3e60e2fd61
  original:
    hackage: recursion-schemes-ext-1.0.0.4@sha256:1078a8d896f3ae79141218fb9384858f454a1f74c5ff6d2fff8dba6e6be28300
snapshots:
- completed:
    size: 529130
    url: https://raw.githubusercontent.com/commercialhaskell/stackage-snapshots/master/nightly/2019/9/16.yaml
    sha256: a8c2355f4f1c46896e5c32aa0b576bbacf0677ff8a164333fa29733d39c3cf4f
  original: nightly-2019-09-16
